
Microsoft Visual Studio Solution File, Format Version 12.00
# Visual Studio Version 16
VisualStudioVersion = 16.0.30611.23
MinimumVisualStudioVersion = 10.0.40219.1
Project("{FAE04EC0-301F-11D3-BF4B-00C04F79EFBC}") = "lab 1", "lab 1\lab 1.csproj", "{DD25F8C5-A58E-4548-AC8A-41BC248D3EA3}"
EndProject
Global
	GlobalSection(SolutionConfigurationPlatforms) = preSolution
		Debug|Any CPU = Debug|Any CPU
		Release|Any CPU = Release|Any CPU
	EndGlobalSection
	GlobalSection(ProjectConfigurationPlatforms) = postSolution
		{DD25F8C5-A58E-4548-AC8A-41BC248D3EA3}.Debug|Any CPU.ActiveCfg = Debug|Any CPU
		{DD25F8C5-A58E-4548-AC8A-41BC248D3EA3}.Debug|Any CPU.Build.0 = Debug|Any CPU
		{DD25F8C5-A58E-4548-AC8A-41BC248D3EA3}.Release|Any CPU.ActiveCfg = Release|Any CPU
		{DD25F8C5-A58E-4548-AC8A-41BC248D3EA3}.Release|Any CPU.Build.0 = Release|Any CPU
	EndGlobalSection
	GlobalSection(SolutionProperties) = preSolution
		HideSolutionNode = FALSE
	EndGlobalSection
	GlobalSection(ExtensibilityGlobals) = postSolution
		SolutionGuid = {C729F2FB-A329-482E-8261-73DF007661B0}
	EndGlobalSection
EndGlobal
